
Microsoft Visual Studio Solution File, Format Version 12.00
# Visual Studio Version 16
VisualStudioVersion = 16.0.30406.217
MinimumVisualStudioVersion = 10.0.40219.1
Project("{9092AA53-FB77-4645-B42D-1CCCA6BD08BD}") = "expresswebapp", "expresswebapp.njsproj", "{9B3CCB07-4814-465B-9832-3036CAD6D2CC}"
EndProject
Global
	GlobalSection(SolutionConfigurationPlatforms) = preSolution
		Debug|Any CPU = Debug|Any CPU
		Release|Any CPU = Release|Any CPU
	EndGlobalSection
	GlobalSection(ProjectConfigurationPlatforms) = postSolution
		{9B3CCB07-4814-465B-9832-3036CAD6D2CC}.Debug|Any CPU.ActiveCfg = Debug|Any CPU
		{9B3CCB07-4814-465B-9832-3036CAD6D2CC}.Debug|Any CPU.Build.0 = Debug|Any CPU
		{9B3CCB07-4814-465B-9832-3036CAD6D2CC}.Release|Any CPU.ActiveCfg = Release|Any CPU
		{9B3CCB07-4814-465B-9832-3036CAD6D2CC}.Release|Any CPU.Build.0 = Release|Any CPU
	EndGlobalSection
	GlobalSection(SolutionProperties) = preSolution
		HideSolutionNode = FALSE
	EndGlobalSection
	GlobalSection(ExtensibilityGlobals) = postSolution
		SolutionGuid = {2DAFD394-D1D1-46DB-838A-7243BACF2DED}
	EndGlobalSection
EndGlobal
